// !$*UTF8*$!
{
	archiveVersion = 1;
	classes = {
	};
	objectVersion = 50;
	objects = {

/* Begin PBXBuildFile section */
		4CC6142126AA4F0300AA9512 /* AppDelegate.swift in Sources */ = {isa = PBXBuildFile; fileRef = 4CC6142026AA4F0300AA9512 /* AppDelegate.swift */; };
		4CC6142326AA4F0300AA9512 /* SceneDelegate.swift in Sources */ = {isa = PBXBuildFile; fileRef = 4CC6142226AA4F0300AA9512 /* SceneDelegate.swift */; };
		4CC6142526AA4F0300AA9512 /* ViewController.swift in Sources */ = {isa = PBXBuildFile; fileRef = 4CC6142426AA4F0300AA9512 /* ViewController.swift */; };
		4CC6142826AA4F0300AA9512 /* Main.storyboard in Resources */ = {isa = PBXBuildFile; fileRef = 4CC6142626AA4F0300AA9512 /* Main.storyboard */; };
		4CC6142A26AA4F0300AA9512 /* Assets.xcassets in Resources */ = {isa = PBXBuildFile; fileRef = 4CC6142926AA4F0300AA9512 /* Assets.xcassets */; };
		4CC6142D26AA4F0300AA9512 /* LaunchScreen.storyboard in Resources */ = {isa = PBXBuildFile; fileRef = 4CC6142B26AA4F0300AA9512 /* LaunchScreen.storyboard */; };
		4CC6143826AA4F0300AA9512 /* PreworkTests.swift in Sources */ = {isa = PBXBuildFile; fileRef = 4CC6143726AA4F0300AA9512 /* PreworkTests.swift */; };
		4CC6144326AA4F0300AA9512 /* PreworkUITests.swift in Sources */ = {isa = PBXBuildFile; fileRef = 4CC6144226AA4F0300AA9512 /* PreworkUITests.swift */; };
/* End PBXBuildFile section */

/* Begin PBXContainerItemProxy section */
		4CC6143426AA4F0300AA9512 /* PBXContainerItemProxy */ = {
			isa = PBXContainerItemProxy;
			containerPortal = 4CC6141526AA4F0300AA9512 /* Project object */;
			proxyType = 1;
			remoteGlobalIDString = 4CC6141C26AA4F0300AA9512;
			remoteInfo = Prework;
		};
		4CC6143F26AA4F0300AA9512 /* PBXContainerItemProxy */ = {
			isa = PBXContainerItemProxy;
			containerPortal = 4CC6141526AA4F0300AA9512 /* Project object */;
			proxyType = 1;
			remoteGlobalIDString = 4CC6141C26AA4F0300AA9512;
			remoteInfo = Prework;
		};
/* End PBXContainerItemProxy section */

/* Begin PBXFileReference section */
		4CC6141D26AA4F0300AA9512 /* Prework.app */ = {isa = PBXFileReference; explicitFileType = wrapper.application; includeInIndex = 0; path = Prework.app; sourceTree = BUILT_PRODUCTS_DIR; };
		4CC6142026AA4F0300AA9512 /* AppDelegate.swift */ = {isa = PBXFileReference; lastKnownFileType = sourcecode.swift; path = AppDelegate.swift; sourceTree = "<group>"; };
		4CC6142226AA4F0300AA9512 /* SceneDelegate.swift */ = {isa = PBXFileReference; lastKnownFileType = sourcecode.swift; path = SceneDelegate.swift; sourceTree = "<group>"; };
		4CC6142426AA4F0300AA9512 /* ViewController.swift */ = {isa = PBXFileReference; lastKnownFileType = sourcecode.swift; path = ViewController.swift; sourceTree = "<group>"; };
		4CC6142726AA4F0300AA9512 /* Base */ = {isa = PBXFileReference; lastKnownFileType = file.storyboard; name = Base; path = Base.lproj/Main.storyboard; sourceTree = "<group>"; };
		4CC6142926AA4F0300AA9512 /* Assets.xcassets */ = {isa = PBXFileReference; lastKnownFileType = folder.assetcatalog; path = Assets.xcassets; sourceTree = "<group>"; };
		4CC6142C26AA4F0300AA9512 /* Base */ = {isa = PBXFileReference; lastKnownFileType = file.storyboard; name = Base; path = Base.lproj/LaunchScreen.storyboard; sourceTree = "<group>"; };
		4CC6142E26AA4F0300AA9512 /* Info.plist */ = {isa = PBXFileReference; lastKnownFileType = text.plist.xml; path = Info.plist; sourceTree = "<group>"; };
		4CC6143326AA4F0300AA9512 /* PreworkTests.xctest */ = {isa = PBXFileReference; explicitFileType = wrapper.cfbundle; includeInIndex = 0; path = PreworkTests.xctest; sourceTree = BUILT_PRODUCTS_DIR; };
		4CC6143726AA4F0300AA9512 /* PreworkTests.swift */ = {isa = PBXFileReference; lastKnownFileType = sourcecode.swift; path = PreworkTests.swift; sourceTree = "<group>"; };
		4CC6143926AA4F0300AA9512 /* Info.plist */ = {isa = PBXFileReference; lastKnownFileType = text.plist.xml; path = Info.plist; sourceTree = "<group>"; };
		4CC6143E26AA4F0300AA9512 /* PreworkUITests.xctest */ = {isa = PBXFileReference; explicitFileType = wrapper.cfbundle; includeInIndex = 0; path = PreworkUITests.xctest; sourceTree = BUILT_PRODUCTS_DIR; };
		4CC6144226AA4F0300AA9512 /* PreworkUITests.swift */ = {isa = PBXFileReference; lastKnownFileType = sourcecode.swift; path = PreworkUITests.swift; sourceTree = "<group>"; };
		4CC6144426AA4F0300AA9512 /* Info.plist */ = {isa = PBXFileReference; lastKnownFileType = text.plist.xml; path = Info.plist; sourceTree = "<group>"; };
/* End PBXFileReference section */

/* Begin PBXFrameworksBuildPhase section */
		4CC6141A26AA4F0300AA9512 /* Frameworks */ = {
			isa = PBXFrameworksBuildPhase;
			buildActionMask = 2147483647;
			files = (
			);
			runOnlyForDeploymentPostprocessing = 0;
		};
		4CC6143026AA4F0300AA9512 /* Frameworks */ = {
			isa = PBXFrameworksBuildPhase;
			buildActionMask = 2147483647;
			files = (
			);
			runOnlyForDeploymentPostprocessing = 0;
		};
		4CC6143B26AA4F0300AA9512 /* Frameworks */ = {
			isa = PBXFrameworksBuildPhase;
			buildActionMask = 2147483647;
			files = (
			);
			runOnlyForDeploymentPostprocessing = 0;
		};
/* End PBXFrameworksBuildPhase section */

/* Begin PBXGroup section */
		4CC6141426AA4F0300AA9512 = {
			isa = PBXGroup;
			children = (
				4CC6141F26AA4F0300AA9512 /* Prework */,
				4CC6143626AA4F0300AA9512 /* PreworkTests */,
				4CC6144126AA4F0300AA9512 /* PreworkUITests */,
				4CC6141E26AA4F0300AA9512 /* Products */,
			);
			sourceTree = "<group>";
		};
		4CC6141E26AA4F0300AA9512 /* Products */ = {
			isa = PBXGroup;
			children = (
				4CC6141D26AA4F0300AA9512 /* Prework.app */,
				4CC6143326AA4F0300AA9512 /* PreworkTests.xctest */,
				4CC6143E26AA4F0300AA9512 /* PreworkUITests.xctest */,
			);
			name = Products;
			sourceTree = "<group>";
		};
		4CC6141F26AA4F0300AA9512 /* Prework */ = {
			isa = PBXGroup;
			children = (
				4CC6142026AA4F0300AA9512 /* AppDelegate.swift */,
				4CC6142226AA4F0300AA9512 /* SceneDelegate.swift */,
				4CC6142426AA4F0300AA9512 /* ViewController.swift */,
				4CC6142626AA4F0300AA9512 /* Main.storyboard */,
				4CC6142926AA4F0300AA9512 /* Assets.xcassets */,
				4CC6142B26AA4F0300AA9512 /* LaunchScreen.storyboard */,
				4CC6142E26AA4F0300AA9512 /* Info.plist */,
			);
			path = Prework;
			sourceTree = "<group>";
		};
		4CC6143626AA4F0300AA9512 /* PreworkTests */ = {
			isa = PBXGroup;
			children = (
				4CC6143726AA4F0300AA9512 /* PreworkTests.swift */,
				4CC6143926AA4F0300AA9512 /* Info.plist */,
			);
			path = PreworkTests;
			sourceTree = "<group>";
		};
		4CC6144126AA4F0300AA9512 /* PreworkUITests */ = {
			isa = PBXGroup;
			children = (
				4CC6144226AA4F0300AA9512 /* PreworkUITests.swift */,
				4CC6144426AA4F0300AA9512 /* Info.plist */,
			);
			path = PreworkUITests;
			sourceTree = "<group>";
		};
/* End PBXGroup section */

/* Begin PBXNativeTarget section */
		4CC6141C26AA4F0300AA9512 /* Prework */ = {
			isa = PBXNativeTarget;
			buildConfigurationList = 4CC6144726AA4F0300AA9512 /* Build configuration list for PBXNativeTarget "Prework" */;
			buildPhases = (
				4CC6141926AA4F0300AA9512 /* Sources */,
				4CC6141A26AA4F0300AA9512 /* Frameworks */,
				4CC6141B26AA4F0300AA9512 /* Resources */,
			);
			buildRules = (
			);
			dependencies = (
			);
			name = Prework;
			productName = Prework;
			productReference = 4CC6141D26AA4F0300AA9512 /* Prework.app */;
			productType = "com.apple.product-type.application";
		};
		4CC6143226AA4F0300AA9512 /* PreworkTests */ = {
			isa = PBXNativeTarget;
			buildConfigurationList = 4CC6144A26AA4F0300AA9512 /* Build configuration list for PBXNativeTarget "PreworkTests" */;
			buildPhases = (
				4CC6142F26AA4F0300AA9512 /* Sources */,
				4CC6143026AA4F0300AA9512 /* Frameworks */,
				4CC6143126AA4F0300AA9512 /* Resources */,
			);
			buildRules = (
			);
			dependencies = (
				4CC6143526AA4F0300AA9512 /* PBXTargetDependency */,
			);
			name = PreworkTests;
			productName = PreworkTests;
			productReference = 4CC6143326AA4F0300AA9512 /* PreworkTests.xctest */;
			productType = "com.apple.product-type.bundle.unit-test";
		};
		4CC6143D26AA4F0300AA9512 /* PreworkUITests */ = {
			isa = PBXNativeTarget;
			buildConfigurationList = 4CC6144D26AA4F0300AA9512 /* Build configuration list for PBXNativeTarget "PreworkUITests" */;
			buildPhases = (
				4CC6143A26AA4F0300AA9512 /* Sources */,
				4CC6143B26AA4F0300AA9512 /* Frameworks */,
				4CC6143C26AA4F0300AA9512 /* Resources */,
			);
			buildRules = (
			);
			dependencies = (
				4CC6144026AA4F0300AA9512 /* PBXTargetDependency */,
			);
			name = PreworkUITests;
			productName = PreworkUITests;
			productReference = 4CC6143E26AA4F0300AA9512 /* PreworkUITests.xctest */;
			productType = "com.apple.product-type.bundle.ui-testing";
		};
/* End PBXNativeTarget section */

/* Begin PBXProject section */
		4CC6141526AA4F0300AA9512 /* Project object */ = {
			isa = PBXProject;
			attributes = {
				LastSwiftUpdateCheck = 1250;
				LastUpgradeCheck = 1250;
				TargetAttributes = {
					4CC6141C26AA4F0300AA9512 = {
						CreatedOnToolsVersion = 12.5.1;
					};
					4CC6143226AA4F0300AA9512 = {
						CreatedOnToolsVersion = 12.5.1;
						TestTargetID = 4CC6141C26AA4F0300AA9512;
					};
					4CC6143D26AA4F0300AA9512 = {
						CreatedOnToolsVersion = 12.5.1;
						TestTargetID = 4CC6141C26AA4F0300AA9512;
					};
				};
			};
			buildConfigurationList = 4CC6141826AA4F0300AA9512 /* Build configuration list for PBXProject "Prework" */;
			compatibilityVersion = "Xcode 9.3";
			developmentRegion = en;
			hasScannedForEncodings = 0;
			knownRegions = (
				en,
				Base,
			);
			mainGroup = 4CC6141426AA4F0300AA9512;
			productRefGroup = 4CC6141E26AA4F0300AA9512 /* Products */;
			projectDirPath = "";
			projectRoot = "";
			targets = (
				4CC6141C26AA4F0300AA9512 /* Prework */,
				4CC6143226AA4F0300AA9512 /* PreworkTests */,
				4CC6143D26AA4F0300AA9512 /* PreworkUITests */,
			);
		};
/* End PBXProject section */

/* Begin PBXResourcesBuildPhase section */
		4CC6141B26AA4F0300AA9512 /* Resources */ = {
			isa = PBXResourcesBuildPhase;
			buildActionMask = 2147483647;
			files = (
				4CC6142D26AA4F0300AA9512 /* LaunchScreen.storyboard in Resources */,
				4CC6142A26AA4F0300AA9512 /* Assets.xcassets in Resources */,
				4CC6142826AA4F0300AA9512 /* Main.storyboard in Resources */,
			);
			runOnlyForDeploymentPostprocessing = 0;
		};
		4CC6143126AA4F0300AA9512 /* Resources */ = {
			isa = PBXResourcesBuildPhase;
			buildActionMask = 2147483647;
			files = (
			);
			runOnlyForDeploymentPostprocessing = 0;
		};
		4CC6143C26AA4F0300AA9512 /* Resources */ = {
			isa = PBXResourcesBuildPhase;
			buildActionMask = 2147483647;
			files = (
			);
			runOnlyForDeploymentPostprocessing = 0;
		};
/* End PBXResourcesBuildPhase section */

/* Begin PBXSourcesBuildPhase section */
		4CC6141926AA4F0300AA9512 /* Sources */ = {
			isa = PBXSourcesBuildPhase;
			buildActionMask = 2147483647;
			files = (
				4CC6142526AA4F0300AA9512 /* ViewController.swift in Sources */,
				4CC6142126AA4F0300AA9512 /* AppDelegate.swift in Sources */,
				4CC6142326AA4F0300AA9512 /* SceneDelegate.swift in Sources */,
			);
			runOnlyForDeploymentPostprocessing = 0;
		};
		4CC6142F26AA4F0300AA9512 /* Sources */ = {
			isa = PBXSourcesBuildPhase;
			buildActionMask = 2147483647;
			files = (
				4CC6143826AA4F0300AA9512 /* PreworkTests.swift in Sources */,
			);
			runOnlyForDeploymentPostprocessing = 0;
		};
		4CC6143A26AA4F0300AA9512 /* Sources */ = {
			isa = PBXSourcesBuildPhase;
			buildActionMask = 2147483647;
			files = (
				4CC6144326AA4F0300AA9512 /* PreworkUITests.swift in Sources */,
			);
			runOnlyForDeploymentPostprocessing = 0;
		};
/* End PBXSourcesBuildPhase section */

/* Begin PBXTargetDependency section */
		4CC6143526AA4F0300AA9512 /* PBXTargetDependency */ = {
			isa = PBXTargetDependency;
			target = 4CC6141C26AA4F0300AA9512 /* Prework */;
			targetProxy = 4CC6143426AA4F0300AA9512 /* PBXContainerItemProxy */;
		};
		4CC6144026AA4F0300AA9512 /* PBXTargetDependency */ = {
			isa = PBXTargetDependency;
			target = 4CC6141C26AA4F0300AA9512 /* Prework */;
			targetProxy = 4CC6143F26AA4F0300AA9512 /* PBXContainerItemProxy */;
		};
/* End PBXTargetDependency section */

/* Begin PBXVariantGroup section */
		4CC6142626AA4F0300AA9512 /* Main.storyboard */ = {
			isa = PBXVariantGroup;
			children = (
				4CC6142726AA4F0300AA9512 /* Base */,
			);
			name = Main.storyboard;
			sourceTree = "<group>";
		};
		4CC6142B26AA4F0300AA9512 /* LaunchScreen.storyboard */ = {
			isa = PBXVariantGroup;
			children = (
				4CC6142C26AA4F0300AA9512 /* Base */,
			);
			name = LaunchScreen.storyboard;
			sourceTree = "<group>";
		};
/* End PBXVariantGroup section */

/* Begin XCBuildConfiguration section */
		4CC6144526AA4F0300AA9512 /* Debug */ = {
			isa = XCBuildConfiguration;
			buildSettings = {
				ALWAYS_SEARCH_USER_PATHS = NO;
				CLANG_ANALYZER_NONNULL = YES;
				CLANG_ANALYZER_NUMBER_OBJECT_CONVERSION = YES_AGGRESSIVE;
				CLANG_CXX_LANGUAGE_STANDARD = "gnu++14";
				CLANG_CXX_LIBRARY = "libc++";
				CLANG_ENABLE_MODULES = YES;
				CLANG_ENABLE_OBJC_ARC = YES;
				CLANG_ENABLE_OBJC_WEAK = YES;
				CLANG_WARN_BLOCK_CAPTURE_AUTORELEASING = YES;
				CLANG_WARN_BOOL_CONVERSION = YES;
				CLANG_WARN_COMMA = YES;
				CLANG_WARN_CONSTANT_CONVERSION = YES;
				CLANG_WARN_DEPRECATED_OBJC_IMPLEMENTATIONS = YES;
				CLANG_WARN_DIRECT_OBJC_ISA_USAGE = YES_ERROR;
				CLANG_WARN_DOCUMENTATION_COMMENTS = YES;
				CLANG_WARN_EMPTY_BODY = YES;
				CLANG_WARN_ENUM_CONVERSION = YES;
				CLANG_WARN_INFINITE_RECURSION = YES;
				CLANG_WARN_INT_CONVERSION = YES;
				CLANG_WARN_NON_LITERAL_NULL_CONVERSION = YES;
				CLANG_WARN_OBJC_IMPLICIT_RETAIN_SELF = YES;
				CLANG_WARN_OBJC_LITERAL_CONVERSION = YES;
				CLANG_WARN_OBJC_ROOT_CLASS = YES_ERROR;
				CLANG_WARN_QUOTED_INCLUDE_IN_FRAMEWORK_HEADER = YES;
				CLANG_WARN_RANGE_LOOP_ANALYSIS = YES;
				CLANG_WARN_STRICT_PROTOTYPES = YES;
				CLANG_WARN_SUSPICIOUS_MOVE = YES;
				CLANG_WARN_UNGUARDED_AVAILABILITY = YES_AGGRESSIVE;
				CLANG_WARN_UNREACHABLE_CODE = YES;
				CLANG_WARN__DUPLICATE_METHOD_MATCH = YES;
				COPY_PHASE_STRIP = NO;
				DEBUG_INFORMATION_FORMAT = dwarf;
				ENABLE_STRICT_OBJC_MSGSEND = YES;
				ENABLE_TESTABILITY = YES;
				GCC_C_LANGUAGE_STANDARD = gnu11;
				GCC_DYNAMIC_NO_PIC = NO;
				GCC_NO_COMMON_BLOCKS = YES;
				GCC_OPTIMIZATION_LEVEL = 0;
				GCC_PREPROCESSOR_DEFINITIONS = (
					"DEBUG=1",
					"$(inherited)",
				);
				GCC_WARN_64_TO_32_BIT_CONVERSION = YES;
				GCC_WARN_ABOUT_RETURN_TYPE = YES_ERROR;
				GCC_WARN_UNDECLARED_SELECTOR = YES;
				GCC_WARN_UNINITIALIZED_AUTOS = YES_AGGRESSIVE;
				GCC_WARN_UNUSED_FUNCTION = YES;
				GCC_WARN_UNUSED_VARIABLE = YES;
				IPHONEOS_DEPLOYMENT_TARGET = 14.5;
				MTL_ENABLE_DEBUG_INFO = INCLUDE_SOURCE;
				MTL_FAST_MATH = YES;
				ONLY_ACTIVE_ARCH = YES;
				SDKROOT = iphoneos;
				SWIFT_ACTIVE_COMPILATION_CONDITIONS = DEBUG;
				SWIFT_OPTIMIZATION_LEVEL = "-Onone";
			};
			name = Debug;
		};
		4CC6144626AA4F0300AA9512 /* Release */ = {
			isa = XCBuildConfiguration;
			buildSettings = {
				ALWAYS_SEARCH_USER_PATHS = NO;
				CLANG_ANALYZER_NONNULL = YES;
				CLANG_ANALYZER_NUMBER_OBJECT_CONVERSION = YES_AGGRESSIVE;
				CLANG_CXX_LANGUAGE_STANDARD = "gnu++14";
				CLANG_CXX_LIBRARY = "libc++";
				CLANG_ENABLE_MODULES = YES;
				CLANG_ENABLE_OBJC_ARC = YES;
				CLANG_ENABLE_OBJC_WEAK = YES;
				CLANG_WARN_BLOCK_CAPTURE_AUTORELEASING = YES;
				CLANG_WARN_BOOL_CONVERSION = YES;
				CLANG_WARN_COMMA = YES;
				CLANG_WARN_CONSTANT_CONVERSION = YES;
				CLANG_WARN_DEPRECATED_OBJC_IMPLEMENTATIONS = YES;
				CLANG_WARN_DIRECT_OBJC_ISA_USAGE = YES_ERROR;
				CLANG_WARN_DOCUMENTATION_COMMENTS = YES;
				CLANG_WARN_EMPTY_BODY = YES;
				CLANG_WARN_ENUM_CONVERSION = YES;
				CLANG_WARN_INFINITE_RECURSION = YES;
				CLANG_WARN_INT_CONVERSION = YES;
				CLANG_WARN_NON_LITERAL_NULL_CONVERSION = YES;
				CLANG_WARN_OBJC_IMPLICIT_RETAIN_SELF = YES;
				CLANG_WARN_OBJC_LITERAL_CONVERSION = YES;
				CLANG_WARN_OBJC_ROOT_CLASS = YES_ERROR;
				CLANG_WARN_QUOTED_INCLUDE_IN_FRAMEWORK_HEADER = YES;
				CLANG_WARN_RANGE_LOOP_ANALYSIS = YES;
				CLANG_WARN_STRICT_PROTOTYPES = YES;
				CLANG_WARN_SUSPICIOUS_MOVE = YES;
				CLANG_WARN_UNGUARDED_AVAILABILITY = YES_AGGRESSIVE;
				CLANG_WARN_UNREACHABLE_CODE = YES;
				CLANG_WARN__DUPLICATE_METHOD_MATCH = YES;
				COPY_PHASE_STRIP = NO;
				DEBUG_INFORMATION_FORMAT = "dwarf-with-dsym";
				ENABLE_NS_ASSERTIONS = NO;
				ENABLE_STRICT_OBJC_MSGSEND = YES;
				GCC_C_LANGUAGE_STANDARD = gnu11;
				GCC_NO_COMMON_BLOCKS = YES;
				GCC_WARN_64_TO_32_BIT_CONVERSION = YES;
				GCC_WARN_ABOUT_RETURN_TYPE = YES_ERROR;
				GCC_WARN_UNDECLARED_SELECTOR = YES;
				GCC_WARN_UNINITIALIZED_AUTOS = YES_AGGRESSIVE;
				GCC_WARN_UNUSED_FUNCTION = YES;
				GCC_WARN_UNUSED_VARIABLE = YES;
				IPHONEOS_DEPLOYMENT_TARGET = 14.5;
				MTL_ENABLE_DEBUG_INFO = NO;
				MTL_FAST_MATH = YES;
				SDKROOT = iphoneos;
				SWIFT_COMPILATION_MODE = wholemodule;
				SWIFT_OPTIMIZATION_LEVEL = "-O";
				VALIDATE_PRODUCT = YES;
			};
			name = Release;
		};
		4CC6144826AA4F0300AA9512 /* Debug */ = {
			isa = XCBuildConfiguration;
			buildSettings = {
				ASSETCATALOG_COMPILER_APPICON_NAME = AppIcon;
				ASSETCATALOG_COMPILER_GLOBAL_ACCENT_COLOR_NAME = AccentColor;
				CODE_SIGN_STYLE = Automatic;
				INFOPLIST_FILE = Prework/Info.plist;
				LD_RUNPATH_SEARCH_PATHS = (
					"$(inherited)",
					"@executable_path/Frameworks",
				);
				PRODUCT_BUNDLE_IDENTIFIER = memo.com.Prework;
				PRODUCT_NAME = "$(TARGET_NAME)";
				SWIFT_VERSION = 5.0;
				TARGETED_DEVICE_FAMILY = "1,2";
			};
			name = Debug;
		};
		4CC6144926AA4F0300AA9512 /* Release */ = {
			isa = XCBuildConfiguration;
			buildSettings = {
				ASSETCATALOG_COMPILER_APPICON_NAME = AppIcon;
				ASSETCATALOG_COMPILER_GLOBAL_ACCENT_COLOR_NAME = AccentColor;
				CODE_SIGN_STYLE = Automatic;
				INFOPLIST_FILE = Prework/Info.plist;
				LD_RUNPATH_SEARCH_PATHS = (
					"$(inherited)",
					"@executable_path/Frameworks",
				);
				PRODUCT_BUNDLE_IDENTIFIER = memo.com.Prework;
				PRODUCT_NAME = "$(TARGET_NAME)";
				SWIFT_VERSION = 5.0;
				TARGETED_DEVICE_FAMILY = "1,2";
			};
			name = Release;
		};
		4CC6144B26AA4F0300AA9512 /* Debug */ = {
			isa = XCBuildConfiguration;
			buildSettings = {
				ALWAYS_EMBED_SWIFT_STANDARD_LIBRARIES = YES;
				BUNDLE_LOADER = "$(TEST_HOST)";
				CODE_SIGN_STYLE = Automatic;
				INFOPLIST_FILE = PreworkTests/Info.plist;
				IPHONEOS_DEPLOYMENT_TARGET = 14.5;
				LD_RUNPATH_SEARCH_PATHS = (
					"$(inherited)",
					"@executable_path/Frameworks",
					"@loader_path/Frameworks",
				);
				PRODUCT_BUNDLE_IDENTIFIER = memo.com.PreworkTests;
				PRODUCT_NAME = "$(TARGET_NAME)";
				SWIFT_VERSION = 5.0;
				TARGETED_DEVICE_FAMILY = "1,2";
				TEST_HOST = "$(BUILT_PRODUCTS_DIR)/Prework.app/Prework";
			};
			name = Debug;
		};
		4CC6144C26AA4F0300AA9512 /* Release */ = {
			isa = XCBuildConfiguration;
			buildSettings = {
				ALWAYS_EMBED_SWIFT_STANDARD_LIBRARIES = YES;
				BUNDLE_LOADER = "$(TEST_HOST)";
				CODE_SIGN_STYLE = Automatic;
				INFOPLIST_FILE = PreworkTests/Info.plist;
				IPHONEOS_DEPLOYMENT_TARGET = 14.5;
				LD_RUNPATH_SEARCH_PATHS = (
					"$(inherited)",
					"@executable_path/Frameworks",
					"@loader_path/Frameworks",
				);
				PRODUCT_BUNDLE_IDENTIFIER = memo.com.PreworkTests;
				PRODUCT_NAME = "$(TARGET_NAME)";
				SWIFT_VERSION = 5.0;
				TARGETED_DEVICE_FAMILY = "1,2";
				TEST_HOST = "$(BUILT_PRODUCTS_DIR)/Prework.app/Prework";
			};
			name = Release;
		};
		4CC6144E26AA4F0300AA9512 /* Debug */ = {
			isa = XCBuildConfiguration;
			buildSettings = {
				ALWAYS_EMBED_SWIFT_STANDARD_LIBRARIES = YES;
				CODE_SIGN_STYLE = Automatic;
				INFOPLIST_FILE = PreworkUITests/Info.plist;
				LD_RUNPATH_SEARCH_PATHS = (
					"$(inherited)",
					"@executable_path/Frameworks",
					"@loader_path/Frameworks",
				);
				PRODUCT_BUNDLE_IDENTIFIER = memo.com.PreworkUITests;
				PRODUCT_NAME = "$(TARGET_NAME)";
				SWIFT_VERSION = 5.0;
				TARGETED_DEVICE_FAMILY = "1,2";
				TEST_TARGET_NAME = Prework;
			};
			name = Debug;
		};
		4CC6144F26AA4F0300AA9512 /* Release */ = {
			isa = XCBuildConfiguration;
			buildSettings = {
				ALWAYS_EMBED_SWIFT_STANDARD_LIBRARIES = YES;
				CODE_SIGN_STYLE = Automatic;
				INFOPLIST_FILE = PreworkUITests/Info.plist;
				LD_RUNPATH_SEARCH_PATHS = (
					"$(inherited)",
					"@executable_path/Frameworks",
					"@loader_path/Frameworks",
				);
				PRODUCT_BUNDLE_IDENTIFIER = memo.com.PreworkUITests;
				PRODUCT_NAME = "$(TARGET_NAME)";
				SWIFT_VERSION = 5.0;
				TARGETED_DEVICE_FAMILY = "1,2";
				TEST_TARGET_NAME = Prework;
			};
			name = Release;
		};
/* End XCBuildConfiguration section */

/* Begin XCConfigurationList section */
		4CC6141826AA4F0300AA9512 /* Build configuration list for PBXProject "Prework" */ = {
			isa = XCConfigurationList;
			buildConfigurations = (
				4CC6144526AA4F0300AA9512 /* Debug */,
				4CC6144626AA4F0300AA9512 /* Release */,
			);
			defaultConfigurationIsVisible = 0;
			defaultConfigurationName = Release;
		};
		4CC6144726AA4F0300AA9512 /* Build configuration list for PBXNativeTarget "Prework" */ = {
			isa = XCConfigurationList;
			buildConfigurations = (
				4CC6144826AA4F0300AA9512 /* Debug */,
				4CC6144926AA4F0300AA9512 /* Release */,
			);
			defaultConfigurationIsVisible = 0;
			defaultConfigurationName = Release;
		};
		4CC6144A26AA4F0300AA9512 /* Build configuration list for PBXNativeTarget "PreworkTests" */ = {
			isa = XCConfigurationList;
			buildConfigurations = (
				4CC6144B26AA4F0300AA9512 /* Debug */,
				4CC6144C26AA4F0300AA9512 /* Release */,
			);
			defaultConfigurationIsVisible = 0;
			defaultConfigurationName = Release;
		};
		4CC6144D26AA4F0300AA9512 /* Build configuration list for PBXNativeTarget "PreworkUITests" */ = {
			isa = XCConfigurationList;
			buildConfigurations = (
				4CC6144E26AA4F0300AA9512 /* Debug */,
				4CC6144F26AA4F0300AA9512 /* Release */,
			);
			defaultConfigurationIsVisible = 0;
			defaultConfigurationName = Release;
		};
/* End XCConfigurationList section */
	};
	rootObject = 4CC6141526AA4F0300AA9512 /* Project object */;
}
